{
  "requires": true,
  "lockfileVersion": 1,
  "dependencies": {
    "@react-rxjs/core": {
      "version": "0.8.4",
      "resolved": "https://registry.npmjs.org/@react-rxjs/core/-/core-0.8.4.tgz",
      "integrity": "sha512-n+aa0sSrzj3ctBgmHl13nz0a4nKzcDmu+z+WgUtOmRp7niAzs+f02t2D/FyEfvs0Fp1Zq7z2hh5HM2LBlQPAhA=="
    },
    "@react-rxjs/utils": {
      "version": "0.9.3",
      "resolved": "https://registry.npmjs.org/@react-rxjs/utils/-/utils-0.9.3.tgz",
      "integrity": "sha512-arwh1iW+5ciE/fdWwrXXYXF1anyGqBU1WkxvKGZkfxO2sNk+45t9glzHLDWkOUSrMaQeonuTw3vSg7qK/xhJCg=="
    },
    "mobx-react-lite": {
      "version": "3.2.2",
      "resolved": "https://registry.npmjs.org/mobx-react-lite/-/mobx-react-lite-3.2.2.tgz",
      "integrity": "sha512-FxJJMqmHcnQYOVVs2DdjNHioGlFsXF5/9VHztS9NAfIT3DYrxNZzVi119Zr/OmlWKkWNkAsssSNzPkqautfL4A=="
    },
    "rxjs": {
      "version": "7.4.0",
      "resolved": "https://registry.npmjs.org/rxjs/-/rxjs-7.4.0.tgz",
      "integrity": "sha512-7SQDi7xeTMCJpqViXh8gL/lebcwlp3d831F05+9B44A4B0WfsEwUQHR64gsH1kvJ+Ep/J9K2+n1hVl1CsGN23w==",
      "requires": {
        "tslib": "~2.1.0"
      }
    },
    "tslib": {
      "version": "2.1.0",
      "resolved": "https://registry.npmjs.org/tslib/-/tslib-2.1.0.tgz",
      "integrity": "sha512-hcVC3wYEziELGGmEEXue7D75zbwIIVUMWAVbHItGPx0ziyXxrOMQx4rQEVEV45Ut/1IotuEvwqPopzIOkDMf0A=="
    }
  }
}
