{
  "requires": true,
  "lockfileVersion": 1,
  "dependencies": {
    "@exodus/schemasafe": {
      "version": "1.0.0-rc.3",
      "resolved": "https://registry.npmjs.org/@exodus/schemasafe/-/schemasafe-1.0.0-rc.3.tgz",
      "integrity": "sha512-GoXw0U2Qaa33m3eUcxuHnHpNvHjNlLo0gtV091XBpaRINaB4X6FGCG5XKxSFNFiPpugUDqNruHzaqpTdDm4AOg=="
    },
    "@types/swagger-schema-official": {
      "version": "2.0.21",
      "resolved": "https://registry.npmjs.org/@types/swagger-schema-official/-/swagger-schema-official-2.0.21.tgz",
      "integrity": "sha512-n9BbLOjR4Hre7B4TSGGMPohOgOg8tcp00uxqsIE00uuWQC0QuX57G1bqC1csLsk2DpTGtHkd0dEb3ipsCZ9dAA=="
    },
    "ansi-regex": {
      "version": "5.0.0",
      "resolved": "https://registry.npmjs.org/ansi-regex/-/ansi-regex-5.0.0.tgz",
      "integrity": "sha512-bY6fj56OUQ0hU1KjFNDQuJFezqKdrAyFdIevADiqrWHwSlbmBNMHp5ak2f40Pm8JTFyM2mqxkG6ngkHO11f/lg=="
    },
    "ansi-styles": {
      "version": "4.3.0",
      "resolved": "https://registry.npmjs.org/ansi-styles/-/ansi-styles-4.3.0.tgz",
      "integrity": "sha512-zbB9rCJAT1rbjiVDb2hqKFHNYLxgtk8NURxZ3IZwD3F6NtxbXZQCnnSi1Lkx+IDohdPlFp222wVALIheZJQSEg==",
      "requires": {
        "color-convert": "^2.0.1"
      }
    },
    "argparse": {
      "version": "2.0.1",
      "resolved": "https://registry.npmjs.org/argparse/-/argparse-2.0.1.tgz",
      "integrity": "sha512-8+9WqebbFzpX9OR+Wa6O29asIogeRMzcGtAINdpMHHyAg10f05aSFVBbcEqGf/PXw1EjAZ+q2/bEBg3DvurK3Q=="
    },
    "axios": {
      "version": "0.21.1",
      "resolved": "https://registry.npmjs.org/axios/-/axios-0.21.1.tgz",
      "integrity": "sha512-dKQiRHxGD9PPRIUNIWvZhPTPpl1rf/OxTYKsqKUDjBwYylTvV7SjSHJb9ratfyzM6wCdLCOYLzs73qpg5c4iGA==",
      "requires": {
        "follow-redirects": "^1.10.0"
      }
    },
    "call-me-maybe": {
      "version": "1.0.1",
      "resolved": "https://registry.npmjs.org/call-me-maybe/-/call-me-maybe-1.0.1.tgz",
      "integrity": "sha1-JtII6onje1y95gJQoV8DHBak1ms="
    },
    "cliui": {
      "version": "7.0.4",
      "resolved": "https://registry.npmjs.org/cliui/-/cliui-7.0.4.tgz",
      "integrity": "sha512-OcRE68cOsVMXp1Yvonl/fzkQOyjLSu/8bhPDfQt0e0/Eb283TKP20Fs2MqoPsr9SwA595rRCA+QMzYc9nBP+JQ==",
      "requires": {
        "string-width": "^4.2.0",
        "strip-ansi": "^6.0.0",
        "wrap-ansi": "^7.0.0"
      }
    },
    "color-convert": {
      "version": "2.0.1",
      "resolved": "https://registry.npmjs.org/color-convert/-/color-convert-2.0.1.tgz",
      "integrity": "sha512-RRECPsj7iu/xb5oKYcsFHSppFNnsj/52OVTRKb4zP5onXwVF3zVmmToNcOfGC+CRDpfK/U584fMg38ZHCaElKQ==",
      "requires": {
        "color-name": "~1.1.4"
      }
    },
    "color-name": {
      "version": "1.1.4",
      "resolved": "https://registry.npmjs.org/color-name/-/color-name-1.1.4.tgz",
      "integrity": "sha512-dOy+3AuW3a2wNbZHIuMZpTcgjGuLU/uBL/ubcZF9OXbDo8ff4O8yVp5Bf0efS8uEoYo5q4Fx7dY9OgQGXgAsQA=="
    },
    "commander": {
      "version": "6.2.1",
      "resolved": "https://registry.npmjs.org/commander/-/commander-6.2.1.tgz",
      "integrity": "sha512-U7VdrJFnJgo4xjrHpTzu0yrHPGImdsmD95ZlgYSEajAn2JKzDhDTPG9kBTefmObL2w/ngeZnilk+OV9CG3d7UA=="
    },
    "emoji-regex": {
      "version": "8.0.0",
      "resolved": "https://registry.npmjs.org/emoji-regex/-/emoji-regex-8.0.0.tgz",
      "integrity": "sha512-MSjYzcWNOA0ewAHpz0MxpYFvwg6yjy1NG3xteoqz644VCo/RPgnr1/GGt+ic3iJTzQ8Eu3TdM14SawnVUmGE6A=="
    },
    "es6-promise": {
      "version": "3.3.1",
      "resolved": "https://registry.npmjs.org/es6-promise/-/es6-promise-3.3.1.tgz",
      "integrity": "sha1-oIzd6EzNvzTQJ6FFG8kdS80ophM="
    },
    "escalade": {
      "version": "3.1.1",
      "resolved": "https://registry.npmjs.org/escalade/-/escalade-3.1.1.tgz",
      "integrity": "sha512-k0er2gUkLf8O0zKJiAhmkTnJlTvINGv7ygDNPbeIsX/TJjGJZHuh9B2UxbsaEkmlEo9MfhrSzmhIlhRlI2GXnw=="
    },
    "eta": {
      "version": "1.12.3",
      "resolved": "https://registry.npmjs.org/eta/-/eta-1.12.3.tgz",
      "integrity": "sha512-qHixwbDLtekO/d51Yr4glcaUJCIjGVJyTzuqV4GPlgZo1YpgOKG+avQynErZIYrfM6JIJdtiG2Kox8tbb+DoGg=="
    },
    "fast-safe-stringify": {
      "version": "2.0.8",
      "resolved": "https://registry.npmjs.org/fast-safe-stringify/-/fast-safe-stringify-2.0.8.tgz",
      "integrity": "sha512-lXatBjf3WPjmWD6DpIZxkeSsCOwqI0maYMpgDlx8g4U2qi4lbjA9oH/HD2a87G+KfsUmo5WbJFmqBZlPxtptag=="
    },
    "follow-redirects": {
      "version": "1.14.1",
      "resolved": "https://registry.npmjs.org/follow-redirects/-/follow-redirects-1.14.1.tgz",
      "integrity": "sha512-HWqDgT7ZEkqRzBvc2s64vSZ/hfOceEol3ac/7tKwzuvEyWx3/4UegXh5oBOIotkGsObyk3xznnSRVADBgWSQVg=="
    },
    "get-caller-file": {
      "version": "2.0.5",
      "resolved": "https://registry.npmjs.org/get-caller-file/-/get-caller-file-2.0.5.tgz",
      "integrity": "sha512-DyFP3BM/3YHTQOCUL/w0OZHR0lpKeGrxotcHWcqNEdnltqFwXVfhEBQ94eIo34AfQpo0rGki4cyIiftY06h2Fg=="
    },
    "http2-client": {
      "version": "1.3.5",
      "resolved": "https://registry.npmjs.org/http2-client/-/http2-client-1.3.5.tgz",
      "integrity": "sha512-EC2utToWl4RKfs5zd36Mxq7nzHHBuomZboI0yYL6Y0RmBgT7Sgkq4rQ0ezFTYoIsSs7Tm9SJe+o2FcAg6GBhGA=="
    },
    "is-fullwidth-code-point": {
      "version": "3.0.0",
      "resolved": "https://registry.npmjs.org/is-fullwidth-code-point/-/is-fullwidth-code-point-3.0.0.tgz",
      "integrity": "sha512-zymm5+u+sCsSWyD9qNaejV3DFvhCKclKdizYaJUuHA83RLjb7nSuGnddCHGv0hk+KY7BMAlsWeK4Ueg6EV6XQg=="
    },
    "js-yaml": {
      "version": "4.1.0",
      "resolved": "https://registry.npmjs.org/js-yaml/-/js-yaml-4.1.0.tgz",
      "integrity": "sha512-wpxZs9NoxZaJESJGIZTyDEaYpl0FKSA+FB9aJiyemKhMwkxQg63h4T1KJgUGHpTqPDNRcmmYLugrRjJlBtWvRA==",
      "requires": {
        "argparse": "^2.0.1"
      }
    },
    "lodash": {
      "version": "4.17.21",
      "resolved": "https://registry.npmjs.org/lodash/-/lodash-4.17.21.tgz",
      "integrity": "sha512-v2kDEe57lecTulaDIuNTPy3Ry4gLGJ6Z1O3vE1krgXZNrsQ+LFTGHVxVjcXPs17LhbZVGedAJv8XZ1tvj5FvSg=="
    },
    "lodash.toarray": {
      "version": "4.4.0",
      "resolved": "https://registry.npmjs.org/lodash.toarray/-/lodash.toarray-4.4.0.tgz",
      "integrity": "sha1-JMS/zWsvuji/0FlNsRedjptlZWE="
    },
    "make-dir": {
      "version": "3.1.0",
      "resolved": "https://registry.npmjs.org/make-dir/-/make-dir-3.1.0.tgz",
      "integrity": "sha512-g3FeP20LNwhALb/6Cz6Dd4F2ngze0jz7tbzrD2wAV+o9FeNHe4rL+yK2md0J/fiSf1sa1ADhXqi5+oVwOM/eGw==",
      "requires": {
        "semver": "^6.0.0"
      }
    },
    "nanoid": {
      "version": "3.1.23",
      "resolved": "https://registry.npmjs.org/nanoid/-/nanoid-3.1.23.tgz",
      "integrity": "sha512-FiB0kzdP0FFVGDKlRLEQ1BgDzU87dy5NnzjeW9YZNt+/c3+q82EQDUwniSAUxp/F0gFNI1ZhKU1FqYsMuqZVnw=="
    },
    "node-emoji": {
      "version": "1.10.0",
      "resolved": "https://registry.npmjs.org/node-emoji/-/node-emoji-1.10.0.tgz",
      "integrity": "sha512-Yt3384If5H6BYGVHiHwTL+99OzJKHhgp82S8/dktEK73T26BazdgZ4JZh92xSVtGNJvz9UbXdNAc5hcrXV42vw==",
      "requires": {
        "lodash.toarray": "^4.4.0"
      }
    },
    "node-fetch": {
      "version": "2.6.1",
      "resolved": "https://registry.npmjs.org/node-fetch/-/node-fetch-2.6.1.tgz",
      "integrity": "sha512-V4aYg89jEoVRxRb2fJdAg8FHvI7cEyYdVAh94HH0UIK8oJxUfkjlDQN9RbMx+bEjP7+ggMiFRprSti032Oipxw=="
    },
    "node-fetch-h2": {
      "version": "2.3.0",
      "resolved": "https://registry.npmjs.org/node-fetch-h2/-/node-fetch-h2-2.3.0.tgz",
      "integrity": "sha512-ofRW94Ab0T4AOh5Fk8t0h8OBWrmjb0SSB20xh1H8YnPV9EJ+f5AMoYSUQ2zgJ4Iq2HAK0I2l5/Nequ8YzFS3Hg==",
      "requires": {
        "http2-client": "^1.2.5"
      }
    },
    "node-readfiles": {
      "version": "0.2.0",
      "resolved": "https://registry.npmjs.org/node-readfiles/-/node-readfiles-0.2.0.tgz",
      "integrity": "sha1-271K8SE04uY1wkXvk//Pb2BnOl0=",
      "requires": {
        "es6-promise": "^3.2.1"
      }
    },
    "oas-kit-common": {
      "version": "1.0.8",
      "resolved": "https://registry.npmjs.org/oas-kit-common/-/oas-kit-common-1.0.8.tgz",
      "integrity": "sha512-pJTS2+T0oGIwgjGpw7sIRU8RQMcUoKCDWFLdBqKB2BNmGpbBMH2sdqAaOXUg8OzonZHU0L7vfJu1mJFEiYDWOQ==",
      "requires": {
        "fast-safe-stringify": "^2.0.7"
      }
    },
    "oas-linter": {
      "version": "3.2.2",
      "resolved": "https://registry.npmjs.org/oas-linter/-/oas-linter-3.2.2.tgz",
      "integrity": "sha512-KEGjPDVoU5K6swgo9hJVA/qYGlwfbFx+Kg2QB/kd7rzV5N8N5Mg6PlsoCMohVnQmo+pzJap/F610qTodKzecGQ==",
      "requires": {
        "@exodus/schemasafe": "^1.0.0-rc.2",
        "should": "^13.2.1",
        "yaml": "^1.10.0"
      }
    },
    "oas-resolver": {
      "version": "2.5.6",
      "resolved": "https://registry.npmjs.org/oas-resolver/-/oas-resolver-2.5.6.tgz",
      "integrity": "sha512-Yx5PWQNZomfEhPPOphFbZKi9W93CocQj18NlD2Pa4GWZzdZpSJvYwoiuurRI7m3SpcChrnO08hkuQDL3FGsVFQ==",
      "requires": {
        "node-fetch-h2": "^2.3.0",
        "oas-kit-common": "^1.0.8",
        "reftools": "^1.1.9",
        "yaml": "^1.10.0",
        "yargs": "^17.0.1"
      }
    },
    "oas-schema-walker": {
      "version": "1.1.5",
      "resolved": "https://registry.npmjs.org/oas-schema-walker/-/oas-schema-walker-1.1.5.tgz",
      "integrity": "sha512-2yucenq1a9YPmeNExoUa9Qwrt9RFkjqaMAA1X+U7sbb0AqBeTIdMHky9SQQ6iN94bO5NW0W4TRYXerG+BdAvAQ=="
    },
    "oas-validator": {
      "version": "5.0.8",
      "resolved": "https://registry.npmjs.org/oas-validator/-/oas-validator-5.0.8.tgz",
      "integrity": "sha512-cu20/HE5N5HKqVygs3dt94eYJfBi0TsZvPVXDhbXQHiEityDN+RROTleefoKRKKJ9dFAF2JBkDHgvWj0sjKGmw==",
      "requires": {
        "call-me-maybe": "^1.0.1",
        "oas-kit-common": "^1.0.8",
        "oas-linter": "^3.2.2",
        "oas-resolver": "^2.5.6",
        "oas-schema-walker": "^1.1.5",
        "reftools": "^1.1.9",
        "should": "^13.2.1",
        "yaml": "^1.10.0"
      }
    },
    "prettier": {
      "version": "2.3.2",
      "resolved": "https://registry.npmjs.org/prettier/-/prettier-2.3.2.tgz",
      "integrity": "sha512-lnJzDfJ66zkMy58OL5/NY5zp70S7Nz6KqcKkXYzn2tMVrNxvbqaBpg7H3qHaLxCJ5lNMsGuM8+ohS7cZrthdLQ=="
    },
    "reftools": {
      "version": "1.1.9",
      "resolved": "https://registry.npmjs.org/reftools/-/reftools-1.1.9.tgz",
      "integrity": "sha512-OVede/NQE13xBQ+ob5CKd5KyeJYU2YInb1bmV4nRoOfquZPkAkxuOXicSe1PvqIuZZ4kD13sPKBbR7UFDmli6w=="
    },
    "require-directory": {
      "version": "2.1.1",
      "resolved": "https://registry.npmjs.org/require-directory/-/require-directory-2.1.1.tgz",
      "integrity": "sha1-jGStX9MNqxyXbiNE/+f3kqam30I="
    },
    "semver": {
      "version": "6.3.0",
      "resolved": "https://registry.npmjs.org/semver/-/semver-6.3.0.tgz",
      "integrity": "sha512-b39TBaTSfV6yBrapU89p5fKekE2m/NwnDocOVruQFS1/veMgdzuPcnOM34M6CwxW8jH/lxEa5rBoDeUwu5HHTw=="
    },
    "should": {
      "version": "13.2.3",
      "resolved": "https://registry.npmjs.org/should/-/should-13.2.3.tgz",
      "integrity": "sha512-ggLesLtu2xp+ZxI+ysJTmNjh2U0TsC+rQ/pfED9bUZZ4DKefP27D+7YJVVTvKsmjLpIi9jAa7itwDGkDDmt1GQ==",
      "requires": {
        "should-equal": "^2.0.0",
        "should-format": "^3.0.3",
        "should-type": "^1.4.0",
        "should-type-adaptors": "^1.0.1",
        "should-util": "^1.0.0"
      }
    },
    "should-equal": {
      "version": "2.0.0",
      "resolved": "https://registry.npmjs.org/should-equal/-/should-equal-2.0.0.tgz",
      "integrity": "sha512-ZP36TMrK9euEuWQYBig9W55WPC7uo37qzAEmbjHz4gfyuXrEUgF8cUvQVO+w+d3OMfPvSRQJ22lSm8MQJ43LTA==",
      "requires": {
        "should-type": "^1.4.0"
      }
    },
    "should-format": {
      "version": "3.0.3",
      "resolved": "https://registry.npmjs.org/should-format/-/should-format-3.0.3.tgz",
      "integrity": "sha1-m/yPdPo5IFxT04w01xcwPidxJPE=",
      "requires": {
        "should-type": "^1.3.0",
        "should-type-adaptors": "^1.0.1"
      }
    },
    "should-type": {
      "version": "1.4.0",
      "resolved": "https://registry.npmjs.org/should-type/-/should-type-1.4.0.tgz",
      "integrity": "sha1-B1bYzoRt/QmEOmlHcZ36DUz/XPM="
    },
    "should-type-adaptors": {
      "version": "1.1.0",
      "resolved": "https://registry.npmjs.org/should-type-adaptors/-/should-type-adaptors-1.1.0.tgz",
      "integrity": "sha512-JA4hdoLnN+kebEp2Vs8eBe9g7uy0zbRo+RMcU0EsNy+R+k049Ki+N5tT5Jagst2g7EAja+euFuoXFCa8vIklfA==",
      "requires": {
        "should-type": "^1.3.0",
        "should-util": "^1.0.0"
      }
    },
    "should-util": {
      "version": "1.0.1",
      "resolved": "https://registry.npmjs.org/should-util/-/should-util-1.0.1.tgz",
      "integrity": "sha512-oXF8tfxx5cDk8r2kYqlkUJzZpDBqVY/II2WhvU0n9Y3XYvAYRmeaf1PvvIvTgPnv4KJ+ES5M0PyDq5Jp+Ygy2g=="
    },
    "string-width": {
      "version": "4.2.2",
      "resolved": "https://registry.npmjs.org/string-width/-/string-width-4.2.2.tgz",
      "integrity": "sha512-XBJbT3N4JhVumXE0eoLU9DCjcaF92KLNqTmFCnG1pf8duUxFGwtP6AD6nkjw9a3IdiRtL3E2w3JDiE/xi3vOeA==",
      "requires": {
        "emoji-regex": "^8.0.0",
        "is-fullwidth-code-point": "^3.0.0",
        "strip-ansi": "^6.0.0"
      }
    },
    "strip-ansi": {
      "version": "6.0.0",
      "resolved": "https://registry.npmjs.org/strip-ansi/-/strip-ansi-6.0.0.tgz",
      "integrity": "sha512-AuvKTrTfQNYNIctbR1K/YGTR1756GycPsg7b9bdV9Duqur4gv6aKqHXah67Z8ImS7WEz5QVcOtlfW2rZEugt6w==",
      "requires": {
        "ansi-regex": "^5.0.0"
      }
    },
    "swagger-schema-official": {
      "version": "2.0.0-bab6bed",
      "resolved": "https://registry.npmjs.org/swagger-schema-official/-/swagger-schema-official-2.0.0-bab6bed.tgz",
      "integrity": "sha1-cAcEaNbSl3ylI3suUZyn0Gouo/0="
    },
    "swagger-typescript-api": {
      "version": "9.2.0",
      "resolved": "https://registry.npmjs.org/swagger-typescript-api/-/swagger-typescript-api-9.2.0.tgz",
      "integrity": "sha512-cPi5oFauK09NBQQjEPBw97JG7ZmOcARCKm+GPgCFnHwwwjis0atwjKeek85MeRzOnVh444xdlF2uPvi0NSK33w==",
      "requires": {
        "@types/swagger-schema-official": "2.0.21",
        "axios": "^0.21.1",
        "commander": "^6.2.1",
        "eta": "^1.12.1",
        "js-yaml": "^4.0.0",
        "lodash": "^4.17.21",
        "make-dir": "^3.1.0",
        "nanoid": "^3.1.22",
        "node-emoji": "^1.10.0",
        "prettier": "^2.2.1",
        "swagger-schema-official": "2.0.0-bab6bed",
        "swagger2openapi": "^7.0.5",
        "typescript": "^4.2.4"
      }
    },
    "swagger2openapi": {
      "version": "7.0.8",
      "resolved": "https://registry.npmjs.org/swagger2openapi/-/swagger2openapi-7.0.8.tgz",
      "integrity": "sha512-upi/0ZGkYgEcLeGieoz8gT74oWHA0E7JivX7aN9mAf+Tc7BQoRBvnIGHoPDw+f9TXTW4s6kGYCZJtauP6OYp7g==",
      "requires": {
        "call-me-maybe": "^1.0.1",
        "node-fetch": "^2.6.1",
        "node-fetch-h2": "^2.3.0",
        "node-readfiles": "^0.2.0",
        "oas-kit-common": "^1.0.8",
        "oas-resolver": "^2.5.6",
        "oas-schema-walker": "^1.1.5",
        "oas-validator": "^5.0.8",
        "reftools": "^1.1.9",
        "yaml": "^1.10.0",
        "yargs": "^17.0.1"
      }
    },
    "typescript": {
      "version": "4.3.5",
      "resolved": "https://registry.npmjs.org/typescript/-/typescript-4.3.5.tgz",
      "integrity": "sha512-DqQgihaQ9cUrskJo9kIyW/+g0Vxsk8cDtZ52a3NGh0YNTfpUSArXSohyUGnvbPazEPLu398C0UxmKSOrPumUzA=="
    },
    "wrap-ansi": {
      "version": "7.0.0",
      "resolved": "https://registry.npmjs.org/wrap-ansi/-/wrap-ansi-7.0.0.tgz",
      "integrity": "sha512-YVGIj2kamLSTxw6NsZjoBxfSwsn0ycdesmc4p+Q21c5zPuZ1pl+NfxVdxPtdHvmNVOQ6XSYG4AUtyt/Fi7D16Q==",
      "requires": {
        "ansi-styles": "^4.0.0",
        "string-width": "^4.1.0",
        "strip-ansi": "^6.0.0"
      }
    },
    "y18n": {
      "version": "5.0.8",
      "resolved": "https://registry.npmjs.org/y18n/-/y18n-5.0.8.tgz",
      "integrity": "sha512-0pfFzegeDWJHJIAmTLRP2DwHjdF5s7jo9tuztdQxAhINCdvS+3nGINqPd00AphqJR/0LhANUS6/+7SCb98YOfA=="
    },
    "yaml": {
      "version": "1.10.2",
      "resolved": "https://registry.npmjs.org/yaml/-/yaml-1.10.2.tgz",
      "integrity": "sha512-r3vXyErRCYJ7wg28yvBY5VSoAF8ZvlcW9/BwUzEtUsjvX/DKs24dIkuwjtuprwJJHsbyUbLApepYTR1BN4uHrg=="
    },
    "yargs": {
      "version": "17.0.1",
      "resolved": "https://registry.npmjs.org/yargs/-/yargs-17.0.1.tgz",
      "integrity": "sha512-xBBulfCc8Y6gLFcrPvtqKz9hz8SO0l1Ni8GgDekvBX2ro0HRQImDGnikfc33cgzcYUSncapnNcZDjVFIH3f6KQ==",
      "requires": {
        "cliui": "^7.0.2",
        "escalade": "^3.1.1",
        "get-caller-file": "^2.0.5",
        "require-directory": "^2.1.1",
        "string-width": "^4.2.0",
        "y18n": "^5.0.5",
        "yargs-parser": "^20.2.2"
      }
    },
    "yargs-parser": {
      "version": "20.2.9",
      "resolved": "https://registry.npmjs.org/yargs-parser/-/yargs-parser-20.2.9.tgz",
      "integrity": "sha512-y11nGElTIV+CT3Zv9t7VKl+Q3hTQoT9a1Qzezhhl6Rp21gJ/IVTW7Z3y9EWXhuUBC2Shnf+DX0antecpAwSP8w=="
    }
  }
}
